
Microsoft Visual Studio Solution File, Format Version 12.00
# Visual Studio 15
VisualStudioVersion = 15.0.27428.2005
MinimumVisualStudioVersion = 10.0.40219.1
Project("{FAE04EC0-301F-11D3-BF4B-00C04F79EFBC}") = "examples", "examples\examples.csproj", "{160B5ED8-1997-43C2-A819-01E1B410AB2B}"
EndProject
Project("{FAE04EC0-301F-11D3-BF4B-00C04F79EFBC}") = "hhw", "hhw\hhw.csproj", "{7F5E2BFD-17EA-4DC7-8B4C-399ACBADC249}"
EndProject
Global
	GlobalSection(SolutionConfigurationPlatforms) = preSolution
		Debug|Any CPU = Debug|Any CPU
		Release|Any CPU = Release|Any CPU
	EndGlobalSection
	GlobalSection(ProjectConfigurationPlatforms) = postSolution
		{160B5ED8-1997-43C2-A819-01E1B410AB2B}.Debug|Any CPU.ActiveCfg = Debug|Any CPU
		{160B5ED8-1997-43C2-A819-01E1B410AB2B}.Debug|Any CPU.Build.0 = Debug|Any CPU
		{160B5ED8-1997-43C2-A819-01E1B410AB2B}.Release|Any CPU.ActiveCfg = Release|Any CPU
		{160B5ED8-1997-43C2-A819-01E1B410AB2B}.Release|Any CPU.Build.0 = Release|Any CPU
		{7F5E2BFD-17EA-4DC7-8B4C-399ACBADC249}.Debug|Any CPU.ActiveCfg = Debug|Any CPU
		{7F5E2BFD-17EA-4DC7-8B4C-399ACBADC249}.Debug|Any CPU.Build.0 = Debug|Any CPU
		{7F5E2BFD-17EA-4DC7-8B4C-399ACBADC249}.Release|Any CPU.ActiveCfg = Release|Any CPU
		{7F5E2BFD-17EA-4DC7-8B4C-399ACBADC249}.Release|Any CPU.Build.0 = Release|Any CPU
	EndGlobalSection
	GlobalSection(SolutionProperties) = preSolution
		HideSolutionNode = FALSE
	EndGlobalSection
	GlobalSection(ExtensibilityGlobals) = postSolution
		SolutionGuid = {68173CA4-2B03-4CBB-B4F0-FB618AAAD099}
	EndGlobalSection
EndGlobal
